# This file is automatically @generated by Cargo.
# It is not intended for manual editing.
version = 4

[[package]]
name = "Shell"
version = "0.1.0"
dependencies = [
 "tabular",
]

[[package]]
name = "tabular"
version = "0.2.0"
source = "registry+https://github.com/rust-lang/crates.io-index"
checksum = "d9a2882c514780a1973df90de9d68adcd8871bacc9a6331c3f28e6d2ff91a3d1"
dependencies = [
 "unicode-width",
]

[[package]]
name = "unicode-width"
version = "0.1.14"
source = "registry+https://github.com/rust-lang/crates.io-index"
checksum = "7dd6e30e90baa6f72411720665d41d89b9a3d039dc45b8faea1ddd07f617f6af"
